{
  "name": "query-overpass",
  "version": "1.5.3",
  "lockfileVersion": 1,
  "requires": true,
  "dependencies": {
    "JSONStream": {
      "version": "1.3.1",
      "resolved": "https://registry.npmjs.org/JSONStream/-/JSONStream-1.3.1.tgz",
      "integrity": "sha1-cH92HgHa6eFvG8+TcDt4xwlmV5o="
    },
    "concat-stream": {
      "version": "1.6.0",
      "resolved": "https://registry.npmjs.org/concat-stream/-/concat-stream-1.6.0.tgz",
      "integrity": "sha1-CqxmL9Ur54lk1VMvaUeE5wEQrPc="
    },
    "faucet": {
      "version": "0.0.1",
      "resolved": "https://registry.npmjs.org/faucet/-/faucet-0.0.1.tgz",
      "integrity": "sha1-WX3PHSGJosBiMhtZHo8VHtIDnZw=",
      "dev": true,
      "dependencies": {
        "minimist": {
          "version": "0.0.5",
          "resolved": "https://registry.npmjs.org/minimist/-/minimist-0.0.5.tgz",
          "integrity": "sha1-16oye87PUY+RBqxrjwA/o7zqhWY="
        },
        "tape": {
          "version": "2.3.3",
          "resolved": "https://registry.npmjs.org/tape/-/tape-2.3.3.tgz",
          "integrity": "sha1-Lnzgox3wn41oUWZKcYQuDKUFevc="
        }
      }
    },
    "minimist": {
      "version": "1.2.0",
      "resolved": "https://registry.npmjs.org/minimist/-/minimist-1.2.0.tgz",
      "integrity": "sha1-o1AIsg9BOD7sH7kU9M1d95omQoQ="
    },
    "osmtogeojson": {
      "version": "2.2.12",
      "resolved": "https://registry.npmjs.org/osmtogeojson/-/osmtogeojson-2.2.12.tgz",
      "integrity": "sha1-8IT319XwOKQ4OzHANjR6E0sIGdM=",
      "dependencies": {
        "JSONStream": {
          "version": "0.8.0",
          "resolved": "https://registry.npmjs.org/JSONStream/-/JSONStream-0.8.0.tgz",
          "integrity": "sha1-78Ri1aW8lOwAf0siVxrNf28q4BM="
        },
        "concat-stream": {
          "version": "1.0.1",
          "resolved": "https://registry.npmjs.org/concat-stream/-/concat-stream-1.0.1.tgz",
          "integrity": "sha1-AYsYvBx9BzotyCqkhEI0GixN158="
        },
        "jsonparse": {
          "version": "0.0.5",
          "resolved": "https://registry.npmjs.org/jsonparse/-/jsonparse-0.0.5.tgz",
          "integrity": "sha1-MwVCrT8KZUZlt3jz6y2an6UHrGQ="
        },
        "through": {
          "version": "2.2.7",
          "resolved": "https://registry.npmjs.org/through/-/through-2.2.7.tgz",
          "integrity": "sha1-bo4hIAGR1OtqmfbwEN9Gqhxusr0="
        }
      }
    },
    "request": {
      "version": "2.81.0",
      "resolved": "https://registry.npmjs.org/request/-/request-2.81.0.tgz",
      "integrity": "sha1-xpKJRqDgbF+Nb4qTM0af/aRimKA="
    },
    "tape": {
      "version": "4.6.3",
      "resolved": "https://registry.npmjs.org/tape/-/tape-4.6.3.tgz",
      "integrity": "sha1-Y353WB6ass4XV36b1M5PV1gG2LY=",
      "dev": true,
      "dependencies": {
        "deep-equal": {
          "version": "1.0.1",
          "resolved": "https://registry.npmjs.org/deep-equal/-/deep-equal-1.0.1.tgz",
          "integrity": "sha1-9dJgKStmDghO/0zbyfCK0yR0SLU="
        },
        "defined": {
          "version": "1.0.0",
          "resolved": "https://registry.npmjs.org/defined/-/defined-1.0.0.tgz",
          "integrity": "sha1-yY2bzvdWdBiOEQlpFRGZ45sfppM="
        }
      }
    },
    "xhr": {
      "version": "2.4.0",
      "resolved": "https://registry.npmjs.org/xhr/-/xhr-2.4.0.tgz",
      "integrity": "sha1-4W5mpF+GmGHu76tBbV7/ci3ECZM="
    },
    "xmldom": {
      "version": "0.5.0",
      "resolved": "https://registry.npmjs.org/xmldom/-/xmldom-0.5.0.tgz",
      "integrity": "sha512-Foaj5FXVzgn7xFzsKeNIde9g6aFBxTPi37iwsno8QvApmtg7KYrr+OPyRHcJF7dud2a5nGRBXK3n0dL62Gf7PA=="
    }
  }
}
